
Microsoft Visual Studio Solution File, Format Version 12.00
# Visual Studio Version 16
VisualStudioVersion = 16.0.31515.178
MinimumVisualStudioVersion = 10.0.40219.1
Project("{9A19103F-16F7-4668-BE54-9A1E7A4F7556}") = "Minyu.ApplicationCore.BudgetTracker", "Minyu.ApplicationCore.BudgetTracker\Minyu.ApplicationCore.BudgetTracker.csproj", "{B0100A3C-A300-4A50-8369-DBD321668BA2}"
EndProject
Project("{9A19103F-16F7-4668-BE54-9A1E7A4F7556}") = "Minyu.Infrastructure.BudgetTracker", "Minyu.Infrastructure.BudgetTracker\Minyu.Infrastructure.BudgetTracker.csproj", "{72B82584-3E13-4537-BBC6-8A30DD870265}"
EndProject
Project("{9A19103F-16F7-4668-BE54-9A1E7A4F7556}") = "Minyu.BudgetTracker.API", "Minyu.BudgetTracker.API\Minyu.BudgetTracker.API.csproj", "{A521A415-53E0-4EC1-8213-9924D46717BA}"
EndProject
Global
	GlobalSection(SolutionConfigurationPlatforms) = preSolution
		Debug|Any CPU = Debug|Any CPU
		Release|Any CPU = Release|Any CPU
	EndGlobalSection
	GlobalSection(ProjectConfigurationPlatforms) = postSolution
		{B0100A3C-A300-4A50-8369-DBD321668BA2}.Debug|Any CPU.ActiveCfg = Debug|Any CPU
		{B0100A3C-A300-4A50-8369-DBD321668BA2}.Debug|Any CPU.Build.0 = Debug|Any CPU
		{B0100A3C-A300-4A50-8369-DBD321668BA2}.Release|Any CPU.ActiveCfg = Release|Any CPU
		{B0100A3C-A300-4A50-8369-DBD321668BA2}.Release|Any CPU.Build.0 = Release|Any CPU
		{72B82584-3E13-4537-BBC6-8A30DD870265}.Debug|Any CPU.ActiveCfg = Debug|Any CPU
		{72B82584-3E13-4537-BBC6-8A30DD870265}.Debug|Any CPU.Build.0 = Debug|Any CPU
		{72B82584-3E13-4537-BBC6-8A30DD870265}.Release|Any CPU.ActiveCfg = Release|Any CPU
		{72B82584-3E13-4537-BBC6-8A30DD870265}.Release|Any CPU.Build.0 = Release|Any CPU
		{A521A415-53E0-4EC1-8213-9924D46717BA}.Debug|Any CPU.ActiveCfg = Debug|Any CPU
		{A521A415-53E0-4EC1-8213-9924D46717BA}.Debug|Any CPU.Build.0 = Debug|Any CPU
		{A521A415-53E0-4EC1-8213-9924D46717BA}.Release|Any CPU.ActiveCfg = Release|Any CPU
		{A521A415-53E0-4EC1-8213-9924D46717BA}.Release|Any CPU.Build.0 = Release|Any CPU
	EndGlobalSection
	GlobalSection(SolutionProperties) = preSolution
		HideSolutionNode = FALSE
	EndGlobalSection
	GlobalSection(ExtensibilityGlobals) = postSolution
		SolutionGuid = {129A1AFF-4F85-4C26-84BC-C622B81CE441}
	EndGlobalSection
EndGlobal
